{
  "name": "picture-puzzle",
  "version": "1.0.0",
  "lockfileVersion": 2,
  "requires": true,
  "packages": {
    "": {
      "name": "picture-puzzle",
      "version": "1.0.0",
      "license": "ISC",
      "dependencies": {
        "img-split": "^0.1.0"
      }
    },
    "node_modules/img-split": {
      "version": "0.1.0",
      "resolved": "https://registry.npmjs.org/img-split/-/img-split-0.1.0.tgz",
      "integrity": "sha512-vshhi4u2GLShkmTG9PVuSaJfP7TecL0q0l4GR5WGbzj4TkqBRsLgFtr2EcuFxkaP3i5P4/VohzpBytneCKgm0Q=="
    }
  },
  "dependencies": {
    "img-split": {
      "version": "0.1.0",
      "resolved": "https://registry.npmjs.org/img-split/-/img-split-0.1.0.tgz",
      "integrity": "sha512-vshhi4u2GLShkmTG9PVuSaJfP7TecL0q0l4GR5WGbzj4TkqBRsLgFtr2EcuFxkaP3i5P4/VohzpBytneCKgm0Q=="
    }
  }
}
